// !$*UTF8*$!
{
	archiveVersion = 1;
	classes = {
	};
	objectVersion = 46;
	objects = {

/* Begin PBXBuildFile section */
		F7EEF4EE1A741AA600D16323 /* AppDelegate.swift in Sources */ = {isa = PBXBuildFile; fileRef = F7EEF4ED1A741AA600D16323 /* AppDelegate.swift */; };
		F7EEF4F01A741AA600D16323 /* ViewController.swift in Sources */ = {isa = PBXBuildFile; fileRef = F7EEF4EF1A741AA600D16323 /* ViewController.swift */; };
		F7EEF4F31A741AA600D16323 /* Main.storyboard in Resources */ = {isa = PBXBuildFile; fileRef = F7EEF4F11A741AA600D16323 /* Main.storyboard */; };
		F7EEF4F51A741AA600D16323 /* Images.xcassets in Resources */ = {isa = PBXBuildFile; fileRef = F7EEF4F41A741AA600D16323 /* Images.xcassets */; };
		F7EEF4F81A741AA600D16323 /* LaunchScreen.xib in Resources */ = {isa = PBXBuildFile; fileRef = F7EEF4F61A741AA600D16323 /* LaunchScreen.xib */; };
		F7EEF5041A741AA600D16323 /* cursor_arrow_keysTests.swift in Sources */ = {isa = PBXBuildFile; fileRef = F7EEF5031A741AA600D16323 /* cursor_arrow_keysTests.swift */; };
		F7EEF50E1A741B1400D16323 /* UITextViewCursorKeysExtension.swift in Sources */ = {isa = PBXBuildFile; fileRef = F7EEF50D1A741B1400D16323 /* UITextViewCursorKeysExtension.swift */; };
/* End PBXBuildFile section */

/* Begin PBXContainerItemProxy section */
		F7EEF4FE1A741AA600D16323 /* PBXContainerItemProxy */ = {
			isa = PBXContainerItemProxy;
			containerPortal = F7EEF4E01A741AA600D16323 /* Project object */;
			proxyType = 1;
			remoteGlobalIDString = F7EEF4E71A741AA600D16323;
			remoteInfo = "cursor-arrow-keys";
		};
/* End PBXContainerItemProxy section */

/* Begin PBXFileReference section */
		F7EEF4E81A741AA600D16323 /* cursor-arrow-keys.app */ = {isa = PBXFileReference; explicitFileType = wrapper.application; includeInIndex = 0; path = "cursor-arrow-keys.app"; sourceTree = BUILT_PRODUCTS_DIR; };
		F7EEF4EC1A741AA600D16323 /* Info.plist */ = {isa = PBXFileReference; lastKnownFileType = text.plist.xml; path = Info.plist; sourceTree = "<group>"; };
		F7EEF4ED1A741AA600D16323 /* AppDelegate.swift */ = {isa = PBXFileReference; lastKnownFileType = sourcecode.swift; path = AppDelegate.swift; sourceTree = "<group>"; };
		F7EEF4EF1A741AA600D16323 /* ViewController.swift */ = {isa = PBXFileReference; lastKnownFileType = sourcecode.swift; path = ViewController.swift; sourceTree = "<group>"; };
		F7EEF4F21A741AA600D16323 /* Base */ = {isa = PBXFileReference; lastKnownFileType = file.storyboard; name = Base; path = Base.lproj/Main.storyboard; sourceTree = "<group>"; };
		F7EEF4F41A741AA600D16323 /* Images.xcassets */ = {isa = PBXFileReference; lastKnownFileType = folder.assetcatalog; path = Images.xcassets; sourceTree = "<group>"; };
		F7EEF4F71A741AA600D16323 /* Base */ = {isa = PBXFileReference; lastKnownFileType = file.xib; name = Base; path = Base.lproj/LaunchScreen.xib; sourceTree = "<group>"; };
		F7EEF4FD1A741AA600D16323 /* cursor-arrow-keysTests.xctest */ = {isa = PBXFileReference; explicitFileType = wrapper.cfbundle; includeInIndex = 0; path = "cursor-arrow-keysTests.xctest"; sourceTree = BUILT_PRODUCTS_DIR; };
		F7EEF5021A741AA600D16323 /* Info.plist */ = {isa = PBXFileReference; lastKnownFileType = text.plist.xml; path = Info.plist; sourceTree = "<group>"; };
		F7EEF5031A741AA600D16323 /* cursor_arrow_keysTests.swift */ = {isa = PBXFileReference; lastKnownFileType = sourcecode.swift; path = cursor_arrow_keysTests.swift; sourceTree = "<group>"; };
		F7EEF50D1A741B1400D16323 /* UITextViewCursorKeysExtension.swift */ = {isa = PBXFileReference; fileEncoding = 4; lastKnownFileType = sourcecode.swift; path = UITextViewCursorKeysExtension.swift; sourceTree = "<group>"; };
/* End PBXFileReference section */

/* Begin PBXFrameworksBuildPhase section */
		F7EEF4E51A741AA600D16323 /* Frameworks */ = {
			isa = PBXFrameworksBuildPhase;
			buildActionMask = 2147483647;
			files = (
			);
			runOnlyForDeploymentPostprocessing = 0;
		};
		F7EEF4FA1A741AA600D16323 /* Frameworks */ = {
			isa = PBXFrameworksBuildPhase;
			buildActionMask = 2147483647;
			files = (
			);
			runOnlyForDeploymentPostprocessing = 0;
		};
/* End PBXFrameworksBuildPhase section */

/* Begin PBXGroup section */
		F7EEF4DF1A741AA600D16323 = {
			isa = PBXGroup;
			children = (
				F7EEF4EA1A741AA600D16323 /* cursor-arrow-keys */,
				F7EEF5001A741AA600D16323 /* cursor-arrow-keysTests */,
				F7EEF4E91A741AA600D16323 /* Products */,
			);
			sourceTree = "<group>";
		};
		F7EEF4E91A741AA600D16323 /* Products */ = {
			isa = PBXGroup;
			children = (
				F7EEF4E81A741AA600D16323 /* cursor-arrow-keys.app */,
				F7EEF4FD1A741AA600D16323 /* cursor-arrow-keysTests.xctest */,
			);
			name = Products;
			sourceTree = "<group>";
		};
		F7EEF4EA1A741AA600D16323 /* cursor-arrow-keys */ = {
			isa = PBXGroup;
			children = (
				F7EEF4ED1A741AA600D16323 /* AppDelegate.swift */,
				F7EEF4EF1A741AA600D16323 /* ViewController.swift */,
				F7EEF4F11A741AA600D16323 /* Main.storyboard */,
				F7EEF4F41A741AA600D16323 /* Images.xcassets */,
				F7EEF4F61A741AA600D16323 /* LaunchScreen.xib */,
				F7EEF4EB1A741AA600D16323 /* Supporting Files */,
				F7EEF50D1A741B1400D16323 /* UITextViewCursorKeysExtension.swift */,
			);
			path = "cursor-arrow-keys";
			sourceTree = "<group>";
		};
		F7EEF4EB1A741AA600D16323 /* Supporting Files */ = {
			isa = PBXGroup;
			children = (
				F7EEF4EC1A741AA600D16323 /* Info.plist */,
			);
			name = "Supporting Files";
			sourceTree = "<group>";
		};
		F7EEF5001A741AA600D16323 /* cursor-arrow-keysTests */ = {
			isa = PBXGroup;
			children = (
				F7EEF5031A741AA600D16323 /* cursor_arrow_keysTests.swift */,
				F7EEF5011A741AA600D16323 /* Supporting Files */,
			);
			path = "cursor-arrow-keysTests";
			sourceTree = "<group>";
		};
		F7EEF5011A741AA600D16323 /* Supporting Files */ = {
			isa = PBXGroup;
			children = (
				F7EEF5021A741AA600D16323 /* Info.plist */,
			);
			name = "Supporting Files";
			sourceTree = "<group>";
		};
/* End PBXGroup section */

/* Begin PBXNativeTarget section */
		F7EEF4E71A741AA600D16323 /* cursor-arrow-keys */ = {
			isa = PBXNativeTarget;
			buildConfigurationList = F7EEF5071A741AA600D16323 /* Build configuration list for PBXNativeTarget "cursor-arrow-keys" */;
			buildPhases = (
				F7EEF4E41A741AA600D16323 /* Sources */,
				F7EEF4E51A741AA600D16323 /* Frameworks */,
				F7EEF4E61A741AA600D16323 /* Resources */,
			);
			buildRules = (
			);
			dependencies = (
			);
			name = "cursor-arrow-keys";
			productName = "cursor-arrow-keys";
			productReference = F7EEF4E81A741AA600D16323 /* cursor-arrow-keys.app */;
			productType = "com.apple.product-type.application";
		};
		F7EEF4FC1A741AA600D16323 /* cursor-arrow-keysTests */ = {
			isa = PBXNativeTarget;
			buildConfigurationList = F7EEF50A1A741AA600D16323 /* Build configuration list for PBXNativeTarget "cursor-arrow-keysTests" */;
			buildPhases = (
				F7EEF4F91A741AA600D16323 /* Sources */,
				F7EEF4FA1A741AA600D16323 /* Frameworks */,
				F7EEF4FB1A741AA600D16323 /* Resources */,
			);
			buildRules = (
			);
			dependencies = (
				F7EEF4FF1A741AA600D16323 /* PBXTargetDependency */,
			);
			name = "cursor-arrow-keysTests";
			productName = "cursor-arrow-keysTests";
			productReference = F7EEF4FD1A741AA600D16323 /* cursor-arrow-keysTests.xctest */;
			productType = "com.apple.product-type.bundle.unit-test";
		};
/* End PBXNativeTarget section */

/* Begin PBXProject section */
		F7EEF4E01A741AA600D16323 /* Project object */ = {
			isa = PBXProject;
			attributes = {
				LastUpgradeCheck = 0620;
				ORGANIZATIONNAME = Wavebits;
				TargetAttributes = {
					F7EEF4E71A741AA600D16323 = {
						CreatedOnToolsVersion = 6.2;
					};
					F7EEF4FC1A741AA600D16323 = {
						CreatedOnToolsVersion = 6.2;
						TestTargetID = F7EEF4E71A741AA600D16323;
					};
				};
			};
			buildConfigurationList = F7EEF4E31A741AA600D16323 /* Build configuration list for PBXProject "cursor-arrow-keys" */;
			compatibilityVersion = "Xcode 3.2";
			developmentRegion = English;
			hasScannedForEncodings = 0;
			knownRegions = (
				en,
				Base,
			);
			mainGroup = F7EEF4DF1A741AA600D16323;
			productRefGroup = F7EEF4E91A741AA600D16323 /* Products */;
			projectDirPath = "";
			projectRoot = "";
			targets = (
				F7EEF4E71A741AA600D16323 /* cursor-arrow-keys */,
				F7EEF4FC1A741AA600D16323 /* cursor-arrow-keysTests */,
			);
		};
/* End PBXProject section */

/* Begin PBXResourcesBuildPhase section */
		F7EEF4E61A741AA600D16323 /* Resources */ = {
			isa = PBXResourcesBuildPhase;
			buildActionMask = 2147483647;
			files = (
				F7EEF4F31A741AA600D16323 /* Main.storyboard in Resources */,
				F7EEF4F81A741AA600D16323 /* LaunchScreen.xib in Resources */,
				F7EEF4F51A741AA600D16323 /* Images.xcassets in Resources */,
			);
			runOnlyForDeploymentPostprocessing = 0;
		};
		F7EEF4FB1A741AA600D16323 /* Resources */ = {
			isa = PBXResourcesBuildPhase;
			buildActionMask = 2147483647;
			files = (
			);
			runOnlyForDeploymentPostprocessing = 0;
		};
/* End PBXResourcesBuildPhase section */

/* Begin PBXSourcesBuildPhase section */
		F7EEF4E41A741AA600D16323 /* Sources */ = {
			isa = PBXSourcesBuildPhase;
			buildActionMask = 2147483647;
			files = (
				F7EEF4F01A741AA600D16323 /* ViewController.swift in Sources */,
				F7EEF4EE1A741AA600D16323 /* AppDelegate.swift in Sources */,
				F7EEF50E1A741B1400D16323 /* UITextViewCursorKeysExtension.swift in Sources */,
			);
			runOnlyForDeploymentPostprocessing = 0;
		};
		F7EEF4F91A741AA600D16323 /* Sources */ = {
			isa = PBXSourcesBuildPhase;
			buildActionMask = 2147483647;
			files = (
				F7EEF5041A741AA600D16323 /* cursor_arrow_keysTests.swift in Sources */,
			);
			runOnlyForDeploymentPostprocessing = 0;
		};
/* End PBXSourcesBuildPhase section */

/* Begin PBXTargetDependency section */
		F7EEF4FF1A741AA600D16323 /* PBXTargetDependency */ = {
			isa = PBXTargetDependency;
			target = F7EEF4E71A741AA600D16323 /* cursor-arrow-keys */;
			targetProxy = F7EEF4FE1A741AA600D16323 /* PBXContainerItemProxy */;
		};
/* End PBXTargetDependency section */

/* Begin PBXVariantGroup section */
		F7EEF4F11A741AA600D16323 /* Main.storyboard */ = {
			isa = PBXVariantGroup;
			children = (
				F7EEF4F21A741AA600D16323 /* Base */,
			);
			name = Main.storyboard;
			sourceTree = "<group>";
		};
		F7EEF4F61A741AA600D16323 /* LaunchScreen.xib */ = {
			isa = PBXVariantGroup;
			children = (
				F7EEF4F71A741AA600D16323 /* Base */,
			);
			name = LaunchScreen.xib;
			sourceTree = "<group>";
		};
/* End PBXVariantGroup section */

/* Begin XCBuildConfiguration section */
		F7EEF5051A741AA600D16323 /* Debug */ = {
			isa = XCBuildConfiguration;
			buildSettings = {
				ALWAYS_SEARCH_USER_PATHS = NO;
				CLANG_CXX_LANGUAGE_STANDARD = "gnu++0x";
				CLANG_CXX_LIBRARY = "libc++";
				CLANG_ENABLE_MODULES = YES;
				CLANG_ENABLE_OBJC_ARC = YES;
				CLANG_WARN_BOOL_CONVERSION = YES;
				CLANG_WARN_CONSTANT_CONVERSION = YES;
				CLANG_WARN_DIRECT_OBJC_ISA_USAGE = YES_ERROR;
				CLANG_WARN_EMPTY_BODY = YES;
				CLANG_WARN_ENUM_CONVERSION = YES;
				CLANG_WARN_INT_CONVERSION = YES;
				CLANG_WARN_OBJC_ROOT_CLASS = YES_ERROR;
				CLANG_WARN_UNREACHABLE_CODE = YES;
				CLANG_WARN__DUPLICATE_METHOD_MATCH = YES;
				"CODE_SIGN_IDENTITY[sdk=iphoneos*]" = "iPhone Developer";
				COPY_PHASE_STRIP = NO;
				ENABLE_STRICT_OBJC_MSGSEND = YES;
				GCC_C_LANGUAGE_STANDARD = gnu99;
				GCC_DYNAMIC_NO_PIC = NO;
				GCC_OPTIMIZATION_LEVEL = 0;
				GCC_PREPROCESSOR_DEFINITIONS = (
					"DEBUG=1",
					"$(inherited)",
				);
				GCC_SYMBOLS_PRIVATE_EXTERN = NO;
				GCC_WARN_64_TO_32_BIT_CONVERSION = YES;
				GCC_WARN_ABOUT_RETURN_TYPE = YES_ERROR;
				GCC_WARN_UNDECLARED_SELECTOR = YES;
				GCC_WARN_UNINITIALIZED_AUTOS = YES_AGGRESSIVE;
				GCC_WARN_UNUSED_FUNCTION = YES;
				GCC_WARN_UNUSED_VARIABLE = YES;
				IPHONEOS_DEPLOYMENT_TARGET = 8.2;
				MTL_ENABLE_DEBUG_INFO = YES;
				ONLY_ACTIVE_ARCH = YES;
				SDKROOT = iphoneos;
				SWIFT_OPTIMIZATION_LEVEL = "-Onone";
				TARGETED_DEVICE_FAMILY = "1,2";
			};
			name = Debug;
		};
		F7EEF5061A741AA600D16323 /* Release */ = {
			isa = XCBuildConfiguration;
			buildSettings = {
				ALWAYS_SEARCH_USER_PATHS = NO;
				CLANG_CXX_LANGUAGE_STANDARD = "gnu++0x";
				CLANG_CXX_LIBRARY = "libc++";
				CLANG_ENABLE_MODULES = YES;
				CLANG_ENABLE_OBJC_ARC = YES;
				CLANG_WARN_BOOL_CONVERSION = YES;
				CLANG_WARN_CONSTANT_CONVERSION = YES;
				CLANG_WARN_DIRECT_OBJC_ISA_USAGE = YES_ERROR;
				CLANG_WARN_EMPTY_BODY = YES;
				CLANG_WARN_ENUM_CONVERSION = YES;
				CLANG_WARN_INT_CONVERSION = YES;
				CLANG_WARN_OBJC_ROOT_CLASS = YES_ERROR;
				CLANG_WARN_UNREACHABLE_CODE = YES;
				CLANG_WARN__DUPLICATE_METHOD_MATCH = YES;
				"CODE_SIGN_IDENTITY[sdk=iphoneos*]" = "iPhone Developer";
				COPY_PHASE_STRIP = NO;
				ENABLE_NS_ASSERTIONS = NO;
				ENABLE_STRICT_OBJC_MSGSEND = YES;
				GCC_C_LANGUAGE_STANDARD = gnu99;
				GCC_WARN_64_TO_32_BIT_CONVERSION = YES;
				GCC_WARN_ABOUT_RETURN_TYPE = YES_ERROR;
				GCC_WARN_UNDECLARED_SELECTOR = YES;
				GCC_WARN_UNINITIALIZED_AUTOS = YES_AGGRESSIVE;
				GCC_WARN_UNUSED_FUNCTION = YES;
				GCC_WARN_UNUSED_VARIABLE = YES;
				IPHONEOS_DEPLOYMENT_TARGET = 8.2;
				MTL_ENABLE_DEBUG_INFO = NO;
				SDKROOT = iphoneos;
				TARGETED_DEVICE_FAMILY = "1,2";
				VALIDATE_PRODUCT = YES;
			};
			name = Release;
		};
		F7EEF5081A741AA600D16323 /* Debug */ = {
			isa = XCBuildConfiguration;
			buildSettings = {
				ASSETCATALOG_COMPILER_APPICON_NAME = AppIcon;
				INFOPLIST_FILE = "cursor-arrow-keys/Info.plist";
				LD_RUNPATH_SEARCH_PATHS = "$(inherited) @executable_path/Frameworks";
				PRODUCT_NAME = "$(TARGET_NAME)";
			};
			name = Debug;
		};
		F7EEF5091A741AA600D16323 /* Release */ = {
			isa = XCBuildConfiguration;
			buildSettings = {
				ASSETCATALOG_COMPILER_APPICON_NAME = AppIcon;
				INFOPLIST_FILE = "cursor-arrow-keys/Info.plist";
				LD_RUNPATH_SEARCH_PATHS = "$(inherited) @executable_path/Frameworks";
				PRODUCT_NAME = "$(TARGET_NAME)";
			};
			name = Release;
		};
		F7EEF50B1A741AA600D16323 /* Debug */ = {
			isa = XCBuildConfiguration;
			buildSettings = {
				BUNDLE_LOADER = "$(TEST_HOST)";
				FRAMEWORK_SEARCH_PATHS = (
					"$(SDKROOT)/Developer/Library/Frameworks",
					"$(inherited)",
				);
				GCC_PREPROCESSOR_DEFINITIONS = (
					"DEBUG=1",
					"$(inherited)",
				);
				INFOPLIST_FILE = "cursor-arrow-keysTests/Info.plist";
				LD_RUNPATH_SEARCH_PATHS = "$(inherited) @executable_path/Frameworks @loader_path/Frameworks";
				PRODUCT_NAME = "$(TARGET_NAME)";
				TEST_HOST = "$(BUILT_PRODUCTS_DIR)/cursor-arrow-keys.app/cursor-arrow-keys";
			};
			name = Debug;
		};
		F7EEF50C1A741AA600D16323 /* Release */ = {
			isa = XCBuildConfiguration;
			buildSettings = {
				BUNDLE_LOADER = "$(TEST_HOST)";
				FRAMEWORK_SEARCH_PATHS = (
					"$(SDKROOT)/Developer/Library/Frameworks",
					"$(inherited)",
				);
				INFOPLIST_FILE = "cursor-arrow-keysTests/Info.plist";
				LD_RUNPATH_SEARCH_PATHS = "$(inherited) @executable_path/Frameworks @loader_path/Frameworks";
				PRODUCT_NAME = "$(TARGET_NAME)";
				TEST_HOST = "$(BUILT_PRODUCTS_DIR)/cursor-arrow-keys.app/cursor-arrow-keys";
			};
			name = Release;
		};
/* End XCBuildConfiguration section */

/* Begin XCConfigurationList section */
		F7EEF4E31A741AA600D16323 /* Build configuration list for PBXProject "cursor-arrow-keys" */ = {
			isa = XCConfigurationList;
			buildConfigurations = (
				F7EEF5051A741AA600D16323 /* Debug */,
				F7EEF5061A741AA600D16323 /* Release */,
			);
			defaultConfigurationIsVisible = 0;
			defaultConfigurationName = Release;
		};
		F7EEF5071A741AA600D16323 /* Build configuration list for PBXNativeTarget "cursor-arrow-keys" */ = {
			isa = XCConfigurationList;
			buildConfigurations = (
				F7EEF5081A741AA600D16323 /* Debug */,
				F7EEF5091A741AA600D16323 /* Release */,
			);
			defaultConfigurationIsVisible = 0;
		};
		F7EEF50A1A741AA600D16323 /* Build configuration list for PBXNativeTarget "cursor-arrow-keysTests" */ = {
			isa = XCConfigurationList;
			buildConfigurations = (
				F7EEF50B1A741AA600D16323 /* Debug */,
				F7EEF50C1A741AA600D16323 /* Release */,
			);
			defaultConfigurationIsVisible = 0;
		};
/* End XCConfigurationList section */
	};
	rootObject = F7EEF4E01A741AA600D16323 /* Project object */;
}
